version = 1
revision = 3
requires-python = ">=3.11"

[[package]]
name = "connectorx"
version = "0.4.5"
source = { registry = "https://pypi.org/simple" }
wheels = [
    { url = "https://files.pythonhosted.org/packages/f8/41/183fd02ed424747f50b118a716334ca57569c5c9850fcda900d65a1c3d84/connectorx-0.4.5-cp311-cp311-macosx_10_7_x86_64.whl", hash = "sha256:3fa0811081c84befde6d3aa661ecb17b95be9e3851e20009fd27d0e1b925ceb9", size = 37905349, upload-time = "2026-01-18T01:31:24.024Z" },
    { url = "https://files.pythonhosted.org/packages/1f/d2/af67eb73865372b1b06057254e04821e31bf8ea84129d38f862e11d10fc7/connectorx-0.4.5-cp311-cp311-macosx_11_0_arm64.whl", hash = "sha256:0ea5feccc2fb3471fa72c1d920bb4ed17ba1b18aedb89dee5ee6009138e35260", size = 35976620, upload-time = "2026-01-18T01:31:40.456Z" },
    { url = "https://files.pythonhosted.org/packages/ac/3b/18a4bbfa2fbba7a45539f2fd9fc198bf483984b13b61781f905682d1992c/connectorx-0.4.5-cp311-cp311-manylinux_2_28_aarch64.whl", hash = "sha256:e605b5eca75fe63117e5fb93f94e940ede0513340671631da35bdb5a035f8163", size = 43725322, upload-time = "2026-01-18T01:30:49.412Z" },
    { url = "https://files.pythonhosted.org/packages/9a/37/d6dffc001562b7109c8a18604f5a52445187c6bede23e5b737248d172f15/connectorx-0.4.5-cp311-cp311-manylinux_2_28_x86_64.whl", hash = "sha256:f139bbfa34840b89d0a5ec760026a9268c18c63fb739568ecbc77660d3e4fc1f", size = 43757365, upload-time = "2026-01-18T01:31:07.069Z" },
    { url = "https://files.pythonhosted.org/packages/2f/ca/9ca19ce638639e5b07b96e28815f464c2eba2b876a22b3f8c0297034f172/connectorx-0.4.5-cp311-none-win_amd64.whl", hash = "sha256:234af0b6ab4a12b64e3818ebea1eb98cc8b47650280fb40924b43e2f1611acb4", size = 34650205, upload-time = "2026-01-18T01:59:35Z" },
    { url = "https://files.pythonhosted.org/packages/74/c3/77aebad14179cf1a8cfdc5e84ea1bac4efb82de270ca6fc7ff914f8ec601/connectorx-0.4.5-cp312-cp312-macosx_10_7_x86_64.whl", hash = "sha256:25efda2317f40e6536582c3dd4f57a8a31c7e5969d708a674272c05591e6f5a2", size = 37900333, upload-time = "2026-01-18T01:31:27.545Z" },
    { url = "https://files.pythonhosted.org/packages/23/5c/e1e82bcb235fa52280696b01a975535800c0b8c3c12af7c5ddbb42a39010/connectorx-0.4.5-cp312-cp312-macosx_11_0_arm64.whl", hash = "sha256:27539e03408705f318572b163c419572a114fdc9baf4d1e6cd746bb87f573cf2", size = 35971550, upload-time = "2026-01-18T01:31:43.775Z" },
    { url = "https://files.pythonhosted.org/packages/14/be/fa9c3a14b6c10c899d0fb93f8ea549285db271c9899900f7eb21c3cdeb9a/connectorx-0.4.5-cp312-cp312-manylinux_2_28_aarch64.whl", hash = "sha256:c68cc9c6bff737d3c9fb8735b27ecc8474238ef640abb701ee0ab213c6c95f8c", size = 43720741, upload-time = "2026-01-18T01:30:52.897Z" },
    { url = "https://files.pythonhosted.org/packages/3e/4c/54cbfabd1866f3f8657e348f3a496fbde0a138d66a9f2f024b28b4db1c2e/connectorx-0.4.5-cp312-cp312-manylinux_2_28_x86_64.whl", hash = "sha256:3863bc71677d6314b60cb1e1489a650114d37d8d9f58f2df038cae4a82d2ffc5", size = 43751056, upload-time = "2026-01-18T01:31:10.534Z" },
    { url = "https://files.pythonhosted.org/packages/e0/03/350aafe6bc38a3851744bfab7c4d61bd16500ff6b20dfcb98054b7adb56d/connectorx-0.4.5-cp312-none-win_amd64.whl", hash = "sha256:0737254429e22e5012e1fe6a849112da38abb9b56743b3b8c8a1f902e5270e75", size = 34642277, upload-time = "2026-01-18T01:59:38.121Z" },
    { url = "https://files.pythonhosted.org/packages/10/de/65de3629f3bbb0597cc3393078085a27b5b52a9fa5b701a60c1c11a9868c/connectorx-0.4.5-cp313-cp313-macosx_10_7_x86_64.whl", hash = "sha256:ff2f4236a0fc14cd724b03df1f11c03b714442f4381575465f7d0f4f91135766", size = 37900697, upload-time = "2026-01-18T01:31:30.664Z" },
    { url = "https://files.pythonhosted.org/packages/88/59/6a4542bc57c53e99b366a8f377ebb8c9b9915d08a8915726c4a5f0fd8219/connectorx-0.4.5-cp313-cp313-macosx_11_0_arm64.whl", hash = "sha256:f5d4754069644a712bd3105345e4f7c680420c5bb1d1264070cda058c7f07fb3", size = 35972573, upload-time = "2026-01-18T01:31:46.945Z" },
    { url = "https://files.pythonhosted.org/packages/a6/8e/96abe0aecb5e121a80f64ded08c4d8b4115df85f1b246a2680c9f29d4d3d/connectorx-0.4.5-cp313-cp313-manylinux_2_28_aarch64.whl", hash = "sha256:31a65ff4ec8fde7ea7aa2812f2b21e7a512a3216b1b22ca1b02d3975b0bf1e75", size = 43746476, upload-time = "2026-01-18T01:30:56.296Z" },
    { url = "https://files.pythonhosted.org/packages/0a/9d/3bae67718e0bfbefba41959f2f1dc0a5765392aea311b02d98457c8efd34/connectorx-0.4.5-cp313-cp313-manylinux_2_28_x86_64.whl", hash = "sha256:ab1d62a26350055c5e901daa4d6dddb75b11addb923797158c809dffc4f0ac9e", size = 43761125, upload-time = "2026-01-18T01:31:14.253Z" },
    { url = "https://files.pythonhosted.org/packages/40/32/54a45bc796b2e5a572bb76c17ebaf971ec57bf9960ba23731d76a7f70962/connectorx-0.4.5-cp313-none-win_amd64.whl", hash = "sha256:50c20558beff2719be34ff325213526c1700c3a20743e9e0ba592774ebc9cc92", size = 34645527, upload-time = "2026-01-18T01:59:41.303Z" },
    { url = "https://files.pythonhosted.org/packages/79/76/8f89e0d1c973af07eed12c584c52c33b51dc119b7ed85e3c0f91615bfec6/connectorx-0.4.5-cp314-cp314-macosx_10_7_x86_64.whl", hash = "sha256:3ddfe372065b974365bff3b383e39c29cad468c0e7556543dd23753446c441ed", size = 37898985, upload-time = "2026-01-18T01:31:34.162Z" },
    { url = "https://files.pythonhosted.org/packages/f4/38/6243f6c83e9515ebab87c0b21be1c2599bd3f6148b8905802b12dba4bf83/connectorx-0.4.5-cp314-cp314-macosx_11_0_arm64.whl", hash = "sha256:3fd7788294417cbbb3811f8942e4fe3b4c190b80627a3c706ceae6c321824bcf", size = 35968795, upload-time = "2026-01-18T01:59:28.032Z" },
    { url = "https://files.pythonhosted.org/packages/7f/1a/031079b5c597b83df8548012095c23c10d471e6a4c29617d55dd4cf5a9b8/connectorx-0.4.5-cp314-cp314-manylinux_2_28_aarch64.whl", hash = "sha256:38ad8a032fddf25c36c6911d857fbe54220fe28439f02a4beb273b29bdef1eb8", size = 43742341, upload-time = "2026-01-18T01:31:00.55Z" },
    { url = "https://files.pythonhosted.org/packages/dc/97/525b11d7e3c3a286d83dc138f4e4ef948307338527b442be8fa3b1b379d7/connectorx-0.4.5-cp314-cp314-manylinux_2_28_x86_64.whl", hash = "sha256:cc01ca122f649e62707f49f7220ba1ae67961b260e2dcff9e8647ea9915a01cf", size = 43757296, upload-time = "2026-01-18T01:31:17.503Z" },
    { url = "https://files.pythonhosted.org/packages/57/3a/5e1a7cb3b0175c249c232f487918494ec7e26c13f3d543a55c8c7752b993/connectorx-0.4.5-cp314-none-win_amd64.whl", hash = "sha256:2073970532a8e6e2a8a2c0b163497eb8e58216e28fdab6693fcd7e58bfc47bfc", size = 34641445, upload-time = "2026-01-18T01:59:44.351Z" },
]

[[package]]
name = "nextroute-ml"
version = "0.1.0"
source = { virtual = "." }
dependencies = [
    { name = "connectorx" },
    { name = "polars" },
    { name = "pyarrow" },
    { name = "python-dotenv" },
]

[package.metadata]
requires-dist = [
    { name = "connectorx" },
    { name = "polars" },
    { name = "pyarrow" },
    { name = "python-dotenv" },
]

[[package]]
name = "polars"
version = "1.41.2"
source = { registry = "https://pypi.org/simple" }
dependencies = [
    { name = "polars-runtime-32" },
]
sdist = { url = "https://files.pythonhosted.org/packages/ff/f9/aeda46259b0669247a160315d2d51269de9504b9dd2f70acadbcb22f46b7/polars-1.41.2.tar.gz", hash = "sha256:256d6731162371b77f3f29a55eacb8c0fc740ddb1a293a01d2ef5b5393c5c708", size = 737996, upload-time = "2026-05-29T17:39:15.604Z" }
wheels = [
    { url = "https://files.pythonhosted.org/packages/1f/22/28f62d24f7db56ac4343588f9362d49b7b4177e55ac47a466fe696b0099b/polars-1.41.2-py3-none-any.whl", hash = "sha256:23ce9a2910b6e3e8d4258770bf44aa17170958df7af6e85feedf4458a04d8d29", size = 833445, upload-time = "2026-05-29T17:37:05.576Z" },
]

[[package]]
name = "polars-runtime-32"
version = "1.41.2"
source = { registry = "https://pypi.org/simple" }
sdist = { url = "https://files.pythonhosted.org/packages/f9/56/54e3ea0e9b64f327179049e4742241cc6b1d3e8fa414b05a057dd26df367/polars_runtime_32-1.41.2.tar.gz", hash = "sha256:7af09ec1ab053da2c9669e8d15f809a4083a29be05db57111688b8051062af56", size = 2989474, upload-time = "2026-05-29T17:39:17.257Z" }
wheels = [
    { url = "https://files.pythonhosted.org/packages/d6/9b/fe72a3811c0357cdb06c67bdc7695fa1623ad47948fc523195f5ac31037f/polars_runtime_32-1.41.2-cp310-abi3-macosx_10_12_x86_64.whl", hash = "sha256:95a08346dac337357cdb825c8076df7d36da54c4caa59a5cb41d0a30691c5edd", size = 52265283, upload-time = "2026-05-29T17:37:09.407Z" },
    { url = "https://files.pythonhosted.org/packages/0a/93/fab9da803fd80d9e83ef88c20932f637a10bc611b20415fc322eec84bc44/polars_runtime_32-1.41.2-cp310-abi3-macosx_11_0_arm64.whl", hash = "sha256:dedfaeec2c7f995298da7319dd9431d662e5dd1d0ec51b1459df4a0234ceff52", size = 46571222, upload-time = "2026-05-29T17:37:13.698Z" },
    { url = "https://files.pythonhosted.org/packages/c8/2a/8843f34a8ac57acd058a39b87b03b580dd352a490e9dae0415e02033bdd4/polars_runtime_32-1.41.2-cp310-abi3-manylinux_2_17_aarch64.manylinux2014_aarch64.whl", hash = "sha256:18eea22c5cc34e27f8a60950458ad81e6a9ea75e89363ca1367e14e7e7f781fc", size = 50409372, upload-time = "2026-05-29T17:37:17.875Z" },
    { url = "https://files.pythonhosted.org/packages/6c/c6/92b352fe88cf51bd0a19fb99e1c0cbe46aa26c14dcf7995b89869cd932ae/polars_runtime_32-1.41.2-cp310-abi3-manylinux_2_17_x86_64.manylinux2014_x86_64.whl", hash = "sha256:2630540dfdfb0f36f9b04a07c7c2e3f50bf2ad384113263c1c812007ee9141e0", size = 56405484, upload-time = "2026-05-29T17:37:22.684Z" },
    { url = "https://files.pythonhosted.org/packages/74/c4/bae3174c3b02f6b441d2e58594387abcd509f67a098f682a83b195f08966/polars_runtime_32-1.41.2-cp310-abi3-musllinux_1_2_aarch64.whl", hash = "sha256:20e969e08f9b137e233c04cc04de73d9795f89eb77d34854e40a025965a43763", size = 50603512, upload-time = "2026-05-29T17:37:27.422Z" },
    { url = "https://files.pythonhosted.org/packages/f4/ed/f2d26ae02d92c2689056838ed59e2a626326ad23c2831d58637d25f6c82a/polars_runtime_32-1.41.2-cp310-abi3-musllinux_1_2_x86_64.whl", hash = "sha256:e7016a3deb641b64a31447abbbee0f34bd020a6a9ae34ee6b743837def15e2a4", size = 54328561, upload-time = "2026-05-29T17:37:32.587Z" },
    { url = "https://files.pythonhosted.org/packages/9b/c4/9c3831cc885dc7769e59abf8f583821a5fb4403fd0e4eba0ccc6d47a3d4b/polars_runtime_32-1.41.2-cp310-abi3-win_amd64.whl", hash = "sha256:1e5e5377c315e0dcafdfb2a31adc546abbaeb3f9cb1864e6536523d2af473265", size = 51978643, upload-time = "2026-05-29T17:37:37.443Z" },
    { url = "https://files.pythonhosted.org/packages/cd/c6/79e9f3f270270d7ed5575d92b7bfef49f01abd9275447161275b23b553a8/polars_runtime_32-1.41.2-cp310-abi3-win_arm64.whl", hash = "sha256:843d96f69d18eca53429c1198e58891db7f18111f83b9c419bb45ad9d73eaed5", size = 46006901, upload-time = "2026-05-29T17:37:42.522Z" },
]

[[package]]
name = "pyarrow"
version = "24.0.0"
source = { registry = "https://pypi.org/simple" }
sdist = { url = "https://files.pythonhosted.org/packages/91/13/13e1069b351bdc3881266e11147ffccf687505dbb0ea74036237f5d454a5/pyarrow-24.0.0.tar.gz", hash = "sha256:85fe721a14dd823aca09127acbb06c3ca723efbd436c004f16bca601b04dcc83", size = 1180261, upload-time = "2026-04-21T10:51:25.837Z" }
wheels = [
    { url = "https://files.pythonhosted.org/packages/62/c9/a47ab7ece0d86cbe6678418a0fbd1ac4bb493b9184a3891dfa0e7f287ae0/pyarrow-24.0.0-cp311-cp311-macosx_12_0_arm64.whl", hash = "sha256:b0e131f880cda8d04e076cee175a46fc0e8bc8b65c99c6c09dff6669335fde74", size = 35068898, upload-time = "2026-04-21T10:46:36.599Z" },
    { url = "https://files.pythonhosted.org/packages/d1/bc/8db86617a9a58008acf8913d6fed68ea2a46acb6de928db28d724c891a68/pyarrow-24.0.0-cp311-cp311-macosx_12_0_x86_64.whl", hash = "sha256:1b2fe7f9a5566401a0ef2571f197eb92358925c1f0c8dba305d6e43ea0871bb3", size = 36679915, upload-time = "2026-04-21T10:46:42.602Z" },
    { url = "https://files.pythonhosted.org/packages/eb/8e/fb178720400ef69db251eb4a9c3ccf4af269bc1feb5055529b8fc87170d1/pyarrow-24.0.0-cp311-cp311-manylinux_2_28_aarch64.whl", hash = "sha256:0b3537c00fb8d384f15ac1e79b6eb6db04a16514c8c1d22e59a9b95c8ba42868", size = 45697931, upload-time = "2026-04-21T10:46:48.403Z" },
    { url = "https://files.pythonhosted.org/packages/f3/27/99c42abe8e21b44f4917f62631f3aa31404882a2c41d8a4cd5c110e13d52/pyarrow-24.0.0-cp311-cp311-manylinux_2_28_x86_64.whl", hash = "sha256:14e31a3c9e35f1ab6356c6378f6f72830e6d2d5f1791df3774a7b097d18a6a1e", size = 48837449, upload-time = "2026-04-21T10:46:55.329Z" },
    { url = "https://files.pythonhosted.org/packages/36/b6/333749e2666e9032891125bf9c691146e92901bece62030ac1430e2e7c88/pyarrow-24.0.0-cp311-cp311-musllinux_1_2_aarch64.whl", hash = "sha256:b7d9a514e73bc42711e6a35aaccf3587c520024fe0a25d830a1a8a27c15f4f57", size = 49395949, upload-time = "2026-04-21T10:47:01.869Z" },
    { url = "https://files.pythonhosted.org/packages/17/25/c5201706a2dd374e8ba6ee3fd7a8c89fb7ffc16eed5217a91fd2bd7f7626/pyarrow-24.0.0-cp311-cp311-musllinux_1_2_x86_64.whl", hash = "sha256:b196eb3f931862af3fa84c2a253514d859c08e0d8fe020e07be12e75a5a9780c", size = 51912986, upload-time = "2026-04-21T10:47:09.872Z" },
    { url = "https://files.pythonhosted.org/packages/f8/d2/4d1bbba65320b21a49678d6fbdc6ff7c649251359fdcfc03568c4136231d/pyarrow-24.0.0-cp311-cp311-win_amd64.whl", hash = "sha256:35405aecb474e683fb36af650618fd5340ee5471fc65a21b36076a18bbc6c981", size = 27255371, upload-time = "2026-04-21T10:47:15.943Z" },
    { url = "https://files.pythonhosted.org/packages/b4/a9/9686d9f07837f91f775e8932659192e02c74f9d8920524b480b85212cc68/pyarrow-24.0.0-cp312-cp312-macosx_12_0_arm64.whl", hash = "sha256:6233c9ed9ab9d1db47de57d9753256d9dcffbf42db341576099f0fd9f6bf4810", size = 34981559, upload-time = "2026-04-21T10:47:22.17Z" },
    { url = "https://files.pythonhosted.org/packages/80/b6/0ddf0e9b6ead3474ab087ae598c76b031fc45532bf6a63f3a553440fb258/pyarrow-24.0.0-cp312-cp312-macosx_12_0_x86_64.whl", hash = "sha256:f7616236ec1bc2b15bfdec22a71ab38851c86f8f05ff64f379e1278cf20c634a", size = 36663654, upload-time = "2026-04-21T10:47:28.315Z" },
    { url = "https://files.pythonhosted.org/packages/7c/3b/926382efe8ce27ba729071d3566ade6dfb86bdf112f366000196b2f5780a/pyarrow-24.0.0-cp312-cp312-manylinux_2_28_aarch64.whl", hash = "sha256:1617043b99bd33e5318ae18eb2919af09c71322ef1ca46566cdafc6e6712fb66", size = 45679394, upload-time = "2026-04-21T10:47:34.821Z" },
    { url = "https://files.pythonhosted.org/packages/b3/7a/829f7d9dfd37c207206081d6dad474d81dde29952401f07f2ba507814818/pyarrow-24.0.0-cp312-cp312-manylinux_2_28_x86_64.whl", hash = "sha256:6165461f55ef6314f026de6638d661188e3455d3ec49834556a0ebbdbace18bb", size = 48863122, upload-time = "2026-04-21T10:47:42.056Z" },
    { url = "https://files.pythonhosted.org/packages/5f/e8/f88ce625fe8babaae64e8db2d417c7653adb3019b08aae85c5ed787dc816/pyarrow-24.0.0-cp312-cp312-musllinux_1_2_aarch64.whl", hash = "sha256:3b13dedfe76a0ad2d1d859b0811b53827a4e9d93a0bcb05cf59333ab4980cc7e", size = 49376032, upload-time = "2026-04-21T10:47:48.967Z" },
    { url = "https://files.pythonhosted.org/packages/36/7a/82c363caa145fff88fb475da50d3bf52bb024f61917be5424c3392eaf878/pyarrow-24.0.0-cp312-cp312-musllinux_1_2_x86_64.whl", hash = "sha256:25ea65d868eb04015cd18e6df2fbe98f07e5bda2abefabcb88fce39a947716f6", size = 51929490, upload-time = "2026-04-21T10:47:55.981Z" },
    { url = "https://files.pythonhosted.org/packages/66/1c/e3e72c8014ad2743ca64a701652c733cc5cbcee15c0463a32a8c55518d9e/pyarrow-24.0.0-cp312-cp312-win_amd64.whl", hash = "sha256:295f0a7f2e242dabd513737cf076007dc5b2d59237e3eca37b05c0c6446f3826", size = 27355660, upload-time = "2026-04-21T10:48:01.718Z" },
    { url = "https://files.pythonhosted.org/packages/6f/d3/a1abf004482026ddc17f4503db227787fa3cfe41ec5091ff20e4fea55e57/pyarrow-24.0.0-cp313-cp313-macosx_12_0_arm64.whl", hash = "sha256:02b001b3ed4723caa44f6cd1af2d5c86aa2cf9971dacc2ffa55b21237713dfba", size = 34976759, upload-time = "2026-04-21T10:48:07.258Z" },
    { url = "https://files.pythonhosted.org/packages/4f/4a/34f0a36d28a2dd32225301b79daad44e243dc1a2bb77d43b60749be255c4/pyarrow-24.0.0-cp313-cp313-macosx_12_0_x86_64.whl", hash = "sha256:04920d6a71aabd08a0417709efce97d45ea8e6fb733d9ca9ecffb13c67839f68", size = 36658471, upload-time = "2026-04-21T10:48:13.347Z" },
    { url = "https://files.pythonhosted.org/packages/1f/78/543b94712ae8bb1a6023bcc1acf1a740fbff8286747c289cd9468fced2a5/pyarrow-24.0.0-cp313-cp313-manylinux_2_28_aarch64.whl", hash = "sha256:a964266397740257f16f7bb2e4f08a0c81454004beab8ff59dd531b73610e9f2", size = 45675981, upload-time = "2026-04-21T10:48:20.201Z" },
    { url = "https://files.pythonhosted.org/packages/84/9f/8fb7c222b100d314137fa40ec050de56cd8c6d957d1cfff685ce72f15b17/pyarrow-24.0.0-cp313-cp313-manylinux_2_28_x86_64.whl", hash = "sha256:6f066b179d68c413374294bc1735f68475457c933258df594443bb9d88ddc2a0", size = 48859172, upload-time = "2026-04-21T10:48:27.541Z" },
    { url = "https://files.pythonhosted.org/packages/a7/d3/1ea72538e6c8b3b475ed78d1049a2c518e655761ea50fe1171fc855fcab7/pyarrow-24.0.0-cp313-cp313-musllinux_1_2_aarch64.whl", hash = "sha256:1183baeb14c5f587b1ec52831e665718ce632caab84b7cd6b85fd44f96114495", size = 49385733, upload-time = "2026-04-21T10:48:34.7Z" },
    { url = "https://files.pythonhosted.org/packages/c3/be/c3d8b06a1ba35f2260f8e1f771abbee7d5e345c0937aab90675706b1690a/pyarrow-24.0.0-cp313-cp313-musllinux_1_2_x86_64.whl", hash = "sha256:806f24b4085453c197a5078218d1ee08783ebbba271badd153d1ae22a3ee804f", size = 51934335, upload-time = "2026-04-21T10:48:42.099Z" },
    { url = "https://files.pythonhosted.org/packages/9c/62/89e07a1e7329d2cde3e3c6994ba0839a24977a2beda8be6005ea3d860b99/pyarrow-24.0.0-cp313-cp313-win_amd64.whl", hash = "sha256:e4505fc6583f7b05ab854934896bcac8253b04ac1171a77dfb73efef92076d91", size = 27271748, upload-time = "2026-04-21T10:49:42.532Z" },
    { url = "https://files.pythonhosted.org/packages/17/1a/cff3a59f80b5b1658549d46611b67163f65e0664431c076ad728bf9d5af4/pyarrow-24.0.0-cp313-cp313t-macosx_12_0_arm64.whl", hash = "sha256:1a4e45017efbf115032e4475ee876d525e0e36c742214fbe405332480ecd6275", size = 35238554, upload-time = "2026-04-21T10:48:48.526Z" },
    { url = "https://files.pythonhosted.org/packages/a8/99/cce0f42a327bfef2c420fb6078a3eb834826e5d6697bf3009fe11d2ad051/pyarrow-24.0.0-cp313-cp313t-macosx_12_0_x86_64.whl", hash = "sha256:7986f1fa71cee060ad00758bcc79d3a93bab8559bf978fab9e53472a2e25a17b", size = 36782301, upload-time = "2026-04-21T10:48:55.181Z" },
    { url = "https://files.pythonhosted.org/packages/2a/66/8e560d5ff6793ca29aca213c53eec0dd482dd46cb93b2819e5aab52e4252/pyarrow-24.0.0-cp313-cp313t-manylinux_2_28_aarch64.whl", hash = "sha256:d3e0b61e8efb24ed38898e5cdc5fffa9124be480008d401a1f8071500494ae42", size = 45721929, upload-time = "2026-04-21T10:49:03.676Z" },
    { url = "https://files.pythonhosted.org/packages/27/0c/a26e25505d030716e078d9f16eb74973cbf0b33b672884e9f9da1c83b871/pyarrow-24.0.0-cp313-cp313t-manylinux_2_28_x86_64.whl", hash = "sha256:55a3bc1e3df3b5567b7d27ef551b2283f0c68a5e86f1cd56abc569da4f31335b", size = 48825365, upload-time = "2026-04-21T10:49:11.714Z" },
    { url = "https://files.pythonhosted.org/packages/5f/eb/771f9ecb0c65e73fe9dccdd1717901b9594f08c4515d000c7c62df573811/pyarrow-24.0.0-cp313-cp313t-musllinux_1_2_aarch64.whl", hash = "sha256:641f795b361874ac9da5294f8f443dfdbee355cf2bd9e3b8d97aaac2306b9b37", size = 49451819, upload-time = "2026-04-21T10:49:21.474Z" },
    { url = "https://files.pythonhosted.org/packages/48/da/61ae89a88732f5a785646f3ec6125dbb640fa98a540eb2b9889caa561403/pyarrow-24.0.0-cp313-cp313t-musllinux_1_2_x86_64.whl", hash = "sha256:8adc8e6ce5fccf5dc707046ae4914fd537def529709cc0d285d37a7f9cd442ca", size = 51909252, upload-time = "2026-04-21T10:49:31.164Z" },
    { url = "https://files.pythonhosted.org/packages/cb/1a/8dd5cafab7b66573fa91c03d06d213356ad4edd71813aa75e08ce2b3a844/pyarrow-24.0.0-cp313-cp313t-win_amd64.whl", hash = "sha256:9b18371ad2f44044b81a8d23bc2d8a9b6a6226dca775e8e16cfee640473d6c5d", size = 27388127, upload-time = "2026-04-21T10:49:37.334Z" },
    { url = "https://files.pythonhosted.org/packages/ad/80/d022a34ff05d2cbedd8ccf841fc1f532ecfa9eb5ed1711b56d0e0ea71fc9/pyarrow-24.0.0-cp314-cp314-macosx_12_0_arm64.whl", hash = "sha256:1cc9057f0319e26333b357e17f3c2c022f1a83739b48a88b25bfd5fa2dc18838", size = 35007997, upload-time = "2026-04-21T10:49:48.796Z" },
    { url = "https://files.pythonhosted.org/packages/1a/ff/f01485fda6f4e5d441afb8dd5e7681e4db18826c1e271852f5d3957d6a80/pyarrow-24.0.0-cp314-cp314-macosx_12_0_x86_64.whl", hash = "sha256:e6f1278ee4785b6db21229374a1c9e54ec7c549de5d1efc9630b6207de7e170b", size = 36678720, upload-time = "2026-04-21T10:49:55.858Z" },
    { url = "https://files.pythonhosted.org/packages/9e/c2/2d2d5fea814237923f71b36495211f20b43a1576f9a4d6da7e751a64ec6f/pyarrow-24.0.0-cp314-cp314-manylinux_2_28_aarch64.whl", hash = "sha256:adbbedc55506cbdabb830890444fb856bfb0060c46c6f8026c6c2f2cf86ae795", size = 45741852, upload-time = "2026-04-21T10:50:04.624Z" },
    { url = "https://files.pythonhosted.org/packages/8e/3a/28ba9c1c1ebdbb5f1b94dfebb46f207e52e6a554b7fe4132540fde29a3a0/pyarrow-24.0.0-cp314-cp314-manylinux_2_28_x86_64.whl", hash = "sha256:ae8a1145af31d903fa9bb166824d7abe9b4681a000b0159c9fb99c11bc11ad26", size = 48889852, upload-time = "2026-04-21T10:50:12.293Z" },
    { url = "https://files.pythonhosted.org/packages/df/51/4a389acfd31dca009f8fb82d7f510bb4130f2b3a8e18cf00194d0687d8ac/pyarrow-24.0.0-cp314-cp314-musllinux_1_2_aarch64.whl", hash = "sha256:d7027eba1df3b2069e2e8d80f644fa0918b68c46432af3d088ddd390d063ecde", size = 49445207, upload-time = "2026-04-21T10:50:20.677Z" },
    { url = "https://files.pythonhosted.org/packages/19/4b/0bab2b23d2ae901b1b9a03c0efd4b2d070256f8ce3fc43f6e58c167b2081/pyarrow-24.0.0-cp314-cp314-musllinux_1_2_x86_64.whl", hash = "sha256:e56a1ffe9bf7b727432b89104cc0849c21582949dd7bdcb34f17b2001a351a76", size = 51954117, upload-time = "2026-04-21T10:50:29.14Z" },
    { url = "https://files.pythonhosted.org/packages/29/88/f4e9145da0417b3d2c12035a8492b35ff4a3dbc653e614fcfb51d9dedb38/pyarrow-24.0.0-cp314-cp314-win_amd64.whl", hash = "sha256:38be1808cdd068605b787e6ca9119b27eb275a0234e50212c3492331680c3b1e", size = 28001155, upload-time = "2026-04-21T10:51:22.337Z" },
    { url = "https://files.pythonhosted.org/packages/79/4f/46a49a63f43526da895b1a45bbb51d5baf8e4d77159f8528fc3e5490007f/pyarrow-24.0.0-cp314-cp314t-macosx_12_0_arm64.whl", hash = "sha256:418e48ce50a45a6a6c73c454677203a9c75c966cb1e92ca3370959185f197a05", size = 35250387, upload-time = "2026-04-21T10:50:35.552Z" },
    { url = "https://files.pythonhosted.org/packages/a0/da/d5e0cd5ef00796922404806d5f00325cdadc3441ce2c13fe7115f2df9a64/pyarrow-24.0.0-cp314-cp314t-macosx_12_0_x86_64.whl", hash = "sha256:2f16197705a230a78270cdd4ea8a1d57e86b2fdcbc34a1f6aebc72e65c986f9a", size = 36797102, upload-time = "2026-04-21T10:50:42.417Z" },
    { url = "https://files.pythonhosted.org/packages/34/c7/5904145b0a593a05236c882933d439b5720f0a145381179063722fbfc123/pyarrow-24.0.0-cp314-cp314t-manylinux_2_28_aarch64.whl", hash = "sha256:fb24ac194bfc5e86839d7dcd52092ee31e5fe6733fe11f5e3b06ef0812b20072", size = 45745118, upload-time = "2026-04-21T10:50:49.324Z" },
    { url = "https://files.pythonhosted.org/packages/13/d3/cca42fe166d1c6e4d5b80e530b7949104d10e17508a90ae202dac205ce2a/pyarrow-24.0.0-cp314-cp314t-manylinux_2_28_x86_64.whl", hash = "sha256:9700ebd9a51f5895ce75ff4ac4b3c47a7d4b42bc618be8e713e5d56bacf5f931", size = 48844765, upload-time = "2026-04-21T10:50:55.579Z" },
    { url = "https://files.pythonhosted.org/packages/b0/49/942c3b79878ba928324d1e17c274ed84581db8c0a749b24bcf4cbdf15bd3/pyarrow-24.0.0-cp314-cp314t-musllinux_1_2_aarch64.whl", hash = "sha256:d8ddd2768da81d3ee08cfea9b597f4abb4e8e1dc8ae7e204b608d23a0d3ab699", size = 49471890, upload-time = "2026-04-21T10:51:02.439Z" },
    { url = "https://files.pythonhosted.org/packages/76/97/ff71431000a75d84135a1ace5ca4ba11726a231a8007bbb320a4c54075d5/pyarrow-24.0.0-cp314-cp314t-musllinux_1_2_x86_64.whl", hash = "sha256:61a3d7eaa97a14768b542f3d284dc6400dd2470d9f080708b13cd46b6ae18136", size = 51932250, upload-time = "2026-04-21T10:51:10.576Z" },
    { url = "https://files.pythonhosted.org/packages/51/be/6f79d55816d5c22557cf27533543d5d70dfe692adfbee4b99f2760674f38/pyarrow-24.0.0-cp314-cp314t-win_amd64.whl", hash = "sha256:c91d00057f23b8d353039520dc3a6c09d8608164c692e9f59a175a42b2ae0c19", size = 28131282, upload-time = "2026-04-21T10:51:16.815Z" },
]

[[package]]
name = "python-dotenv"
version = "1.2.2"
source = { registry = "https://pypi.org/simple" }
sdist = { url = "https://files.pythonhosted.org/packages/82/ed/0301aeeac3e5353ef3d94b6ec08bbcabd04a72018415dcb29e588514bba8/python_dotenv-1.2.2.tar.gz", hash = "sha256:2c371a91fbd7ba082c2c1dc1f8bf89ca22564a087c2c287cd9b662adde799cf3", size = 50135, upload-time = "2026-03-01T16:00:26.196Z" }
wheels = [
    { url = "https://files.pythonhosted.org/packages/0b/d7/1959b9648791274998a9c3526f6d0ec8fd2233e4d4acce81bbae76b44b2a/python_dotenv-1.2.2-py3-none-any.whl", hash = "sha256:1d8214789a24de455a8b8bd8ae6fe3c6b69a5e3d64aa8a8e5d68e694bbcb285a", size = 22101, upload-time = "2026-03-01T16:00:25.09Z" },
]
